
Microsoft Visual Studio Solution File, Format Version 12.00
# Visual Studio Version 18
VisualStudioVersion = 18.0.11222.15 d18.0
MinimumVisualStudioVersion = 10.0.40219.1
Project("{FAE04EC0-301F-11D3-BF4B-00C04F79EFBC}") = "Nalix.Framework.Benchmarks", "Nalix.Framework.Benchmark\Nalix.Framework.Benchmarks.csproj", "{D9BCF2BF-6354-4C38-AC69-CD28BDB45BD8}"
EndProject
Global
	GlobalSection(SolutionConfigurationPlatforms) = preSolution
		Debug|Any CPU = Debug|Any CPU
		Release|Any CPU = Release|Any CPU
	EndGlobalSection
	GlobalSection(ProjectConfigurationPlatforms) = postSolution
		{D9BCF2BF-6354-4C38-AC69-CD28BDB45BD8}.Debug|Any CPU.ActiveCfg = Debug|Any CPU
		{D9BCF2BF-6354-4C38-AC69-CD28BDB45BD8}.Debug|Any CPU.Build.0 = Debug|Any CPU
		{D9BCF2BF-6354-4C38-AC69-CD28BDB45BD8}.Release|Any CPU.ActiveCfg = Release|Any CPU
		{D9BCF2BF-6354-4C38-AC69-CD28BDB45BD8}.Release|Any CPU.Build.0 = Release|Any CPU
	EndGlobalSection
	GlobalSection(SolutionProperties) = preSolution
		HideSolutionNode = FALSE
	EndGlobalSection
	GlobalSection(ExtensibilityGlobals) = postSolution
		SolutionGuid = {2E73AC9C-B3A3-452F-BDCD-FB28FBBD91E9}
	EndGlobalSection
EndGlobal
