
Microsoft Visual Studio Solution File, Format Version 12.00
# Visual Studio Version 18
VisualStudioVersion = 18.1.11312.151
MinimumVisualStudioVersion = 10.0.40219.1
Project("{FAE04EC0-301F-11D3-BF4B-00C04F79EFBC}") = "Nalix.Framework.Tests", "Nalix.Framework.Tests\Nalix.Framework.Tests.csproj", "{58624F40-114E-47AE-B0C1-8172E9193149}"
EndProject
Project("{FAE04EC0-301F-11D3-BF4B-00C04F79EFBC}") = "Nalix.Network.Tests", "Nalix.Network.Test\Nalix.Network.Tests.csproj", "{ED15C3AE-B417-4702-86E5-D207F54C3DA0}"
EndProject
Project("{FAE04EC0-301F-11D3-BF4B-00C04F79EFBC}") = "Nalix.Analyzers.Tests", "Nalix.Analyzers.Tests\Nalix.Analyzers.Tests.csproj", "{D82E355E-9379-478F-B2F7-4D1AB1F99F0B}"
EndProject
Project("{FAE04EC0-301F-11D3-BF4B-00C04F79EFBC}") = "Nalix.Analyzers", "..\src\Nalix.Analyzers\Nalix.Analyzers.csproj", "{563B6808-2328-4343-B5F6-DACCCA91ADAA}"
EndProject
Project("{FAE04EC0-301F-11D3-BF4B-00C04F79EFBC}") = "Nalix.Analyzers.CodeFixes", "..\src\Nalix.Analyzers.CodeFixes\Nalix.Analyzers.CodeFixes.csproj", "{6F034208-02C2-4DD5-913C-CF1D7B26E7AD}"
EndProject
Project("{FAE04EC0-301F-11D3-BF4B-00C04F79EFBC}") = "Nalix.Runtime.Pipeline.Tests", "Nalix.Runtime.Pipeline.Tests\Nalix.Runtime.Pipeline.Tests.csproj", "{4916B720-E752-44FD-AD74-79F41D589B61}"
EndProject
Project("{FAE04EC0-301F-11D3-BF4B-00C04F79EFBC}") = "Nalix.Common", "..\src\Nalix.Common\Nalix.Common.csproj", "{A211E54A-0DDB-4179-A072-551CD090DA6B}"
EndProject
Project("{FAE04EC0-301F-11D3-BF4B-00C04F79EFBC}") = "Nalix.Framework", "..\src\Nalix.Framework\Nalix.Framework.csproj", "{E7F2E391-534F-4BFC-85D2-0949E87CEE3C}"
EndProject
Project("{FAE04EC0-301F-11D3-BF4B-00C04F79EFBC}") = "Nalix.Network", "..\src\Nalix.Network\Nalix.Network.csproj", "{9A2197A7-5108-445B-8B54-4B46E525A7D3}"
EndProject
Project("{FAE04EC0-301F-11D3-BF4B-00C04F79EFBC}") = "Nalix.Runtime.Pipeline", "..\src\Nalix.Runtime.Pipeline\Nalix.Runtime.Pipeline.csproj", "{9AF6F544-FB57-432B-8CCF-C32B65B9F82D}"
EndProject
Project("{FAE04EC0-301F-11D3-BF4B-00C04F79EFBC}") = "Nalix.Runtime.Tests", "Nalix.Runtime.Tests\Nalix.Runtime.Tests.csproj", "{D55E920A-8B56-43AD-A799-6E6154193427}"
EndProject
Project("{FAE04EC0-301F-11D3-BF4B-00C04F79EFBC}") = "Nalix.Runtime", "..\src\Nalix.Runtime\Nalix.Runtime.csproj", "{09196B37-608E-477C-BC9E-7193291E8FB6}"
EndProject
Project("{FAE04EC0-301F-11D3-BF4B-00C04F79EFBC}") = "Nalix.SDK.Tests", "Nalix.SDK.Tests\Nalix.SDK.Tests.csproj", "{6C159F34-B681-42FC-855D-24704328AD47}"
EndProject
Project("{FAE04EC0-301F-11D3-BF4B-00C04F79EFBC}") = "Nalix.SDK", "..\src\Nalix.SDK\Nalix.SDK.csproj", "{9EAAE6B5-BCFA-43E4-A480-988FF8C72246}"
EndProject
Project("{FAE04EC0-301F-11D3-BF4B-00C04F79EFBC}") = "Nalix.Common.Tests", "Nalix.Common.Tests\Nalix.Common.Tests.csproj", "{F78D85D9-5E4A-48FC-8E28-8DFFF869165E}"
EndProject
Project("{FAE04EC0-301F-11D3-BF4B-00C04F79EFBC}") = "Nalix.Logging.Tests", "Nalix.Logging.Tests\Nalix.Logging.Tests.csproj", "{61E7FB8E-49AA-439E-8EB1-7A79309AD81F}"
EndProject
Global
	GlobalSection(SolutionConfigurationPlatforms) = preSolution
		Debug|Any CPU = Debug|Any CPU
		Debug|x64 = Debug|x64
		Debug|x86 = Debug|x86
		Release|Any CPU = Release|Any CPU
		Release|x64 = Release|x64
		Release|x86 = Release|x86
	EndGlobalSection
	GlobalSection(ProjectConfigurationPlatforms) = postSolution
		{58624F40-114E-47AE-B0C1-8172E9193149}.Debug|Any CPU.ActiveCfg = Debug|Any CPU
		{58624F40-114E-47AE-B0C1-8172E9193149}.Debug|Any CPU.Build.0 = Debug|Any CPU
		{58624F40-114E-47AE-B0C1-8172E9193149}.Debug|x64.ActiveCfg = Debug|Any CPU
		{58624F40-114E-47AE-B0C1-8172E9193149}.Debug|x64.Build.0 = Debug|Any CPU
		{58624F40-114E-47AE-B0C1-8172E9193149}.Debug|x86.ActiveCfg = Debug|Any CPU
		{58624F40-114E-47AE-B0C1-8172E9193149}.Debug|x86.Build.0 = Debug|Any CPU
		{58624F40-114E-47AE-B0C1-8172E9193149}.Release|Any CPU.ActiveCfg = Release|Any CPU
		{58624F40-114E-47AE-B0C1-8172E9193149}.Release|Any CPU.Build.0 = Release|Any CPU
		{58624F40-114E-47AE-B0C1-8172E9193149}.Release|x64.ActiveCfg = Release|Any CPU
		{58624F40-114E-47AE-B0C1-8172E9193149}.Release|x64.Build.0 = Release|Any CPU
		{58624F40-114E-47AE-B0C1-8172E9193149}.Release|x86.ActiveCfg = Release|Any CPU
		{58624F40-114E-47AE-B0C1-8172E9193149}.Release|x86.Build.0 = Release|Any CPU
		{ED15C3AE-B417-4702-86E5-D207F54C3DA0}.Debug|Any CPU.ActiveCfg = Debug|Any CPU
		{ED15C3AE-B417-4702-86E5-D207F54C3DA0}.Debug|Any CPU.Build.0 = Debug|Any CPU
		{ED15C3AE-B417-4702-86E5-D207F54C3DA0}.Debug|x64.ActiveCfg = Debug|Any CPU
		{ED15C3AE-B417-4702-86E5-D207F54C3DA0}.Debug|x64.Build.0 = Debug|Any CPU
		{ED15C3AE-B417-4702-86E5-D207F54C3DA0}.Debug|x86.ActiveCfg = Debug|Any CPU
		{ED15C3AE-B417-4702-86E5-D207F54C3DA0}.Debug|x86.Build.0 = Debug|Any CPU
		{ED15C3AE-B417-4702-86E5-D207F54C3DA0}.Release|Any CPU.ActiveCfg = Release|Any CPU
		{ED15C3AE-B417-4702-86E5-D207F54C3DA0}.Release|Any CPU.Build.0 = Release|Any CPU
		{ED15C3AE-B417-4702-86E5-D207F54C3DA0}.Release|x64.ActiveCfg = Release|Any CPU
		{ED15C3AE-B417-4702-86E5-D207F54C3DA0}.Release|x64.Build.0 = Release|Any CPU
		{ED15C3AE-B417-4702-86E5-D207F54C3DA0}.Release|x86.ActiveCfg = Release|Any CPU
		{ED15C3AE-B417-4702-86E5-D207F54C3DA0}.Release|x86.Build.0 = Release|Any CPU
		{D82E355E-9379-478F-B2F7-4D1AB1F99F0B}.Debug|Any CPU.ActiveCfg = Debug|Any CPU
		{D82E355E-9379-478F-B2F7-4D1AB1F99F0B}.Debug|Any CPU.Build.0 = Debug|Any CPU
		{D82E355E-9379-478F-B2F7-4D1AB1F99F0B}.Debug|x64.ActiveCfg = Debug|Any CPU
		{D82E355E-9379-478F-B2F7-4D1AB1F99F0B}.Debug|x64.Build.0 = Debug|Any CPU
		{D82E355E-9379-478F-B2F7-4D1AB1F99F0B}.Debug|x86.ActiveCfg = Debug|Any CPU
		{D82E355E-9379-478F-B2F7-4D1AB1F99F0B}.Debug|x86.Build.0 = Debug|Any CPU
		{D82E355E-9379-478F-B2F7-4D1AB1F99F0B}.Release|Any CPU.ActiveCfg = Release|Any CPU
		{D82E355E-9379-478F-B2F7-4D1AB1F99F0B}.Release|Any CPU.Build.0 = Release|Any CPU
		{D82E355E-9379-478F-B2F7-4D1AB1F99F0B}.Release|x64.ActiveCfg = Release|Any CPU
		{D82E355E-9379-478F-B2F7-4D1AB1F99F0B}.Release|x64.Build.0 = Release|Any CPU
		{D82E355E-9379-478F-B2F7-4D1AB1F99F0B}.Release|x86.ActiveCfg = Release|Any CPU
		{D82E355E-9379-478F-B2F7-4D1AB1F99F0B}.Release|x86.Build.0 = Release|Any CPU
		{563B6808-2328-4343-B5F6-DACCCA91ADAA}.Debug|Any CPU.ActiveCfg = Debug|Any CPU
		{563B6808-2328-4343-B5F6-DACCCA91ADAA}.Debug|Any CPU.Build.0 = Debug|Any CPU
		{563B6808-2328-4343-B5F6-DACCCA91ADAA}.Debug|x64.ActiveCfg = Debug|Any CPU
		{563B6808-2328-4343-B5F6-DACCCA91ADAA}.Debug|x64.Build.0 = Debug|Any CPU
		{563B6808-2328-4343-B5F6-DACCCA91ADAA}.Debug|x86.ActiveCfg = Debug|Any CPU
		{563B6808-2328-4343-B5F6-DACCCA91ADAA}.Debug|x86.Build.0 = Debug|Any CPU
		{563B6808-2328-4343-B5F6-DACCCA91ADAA}.Release|Any CPU.ActiveCfg = Release|Any CPU
		{563B6808-2328-4343-B5F6-DACCCA91ADAA}.Release|Any CPU.Build.0 = Release|Any CPU
		{563B6808-2328-4343-B5F6-DACCCA91ADAA}.Release|x64.ActiveCfg = Release|Any CPU
		{563B6808-2328-4343-B5F6-DACCCA91ADAA}.Release|x64.Build.0 = Release|Any CPU
		{563B6808-2328-4343-B5F6-DACCCA91ADAA}.Release|x86.ActiveCfg = Release|Any CPU
		{563B6808-2328-4343-B5F6-DACCCA91ADAA}.Release|x86.Build.0 = Release|Any CPU
		{6F034208-02C2-4DD5-913C-CF1D7B26E7AD}.Debug|Any CPU.ActiveCfg = Debug|Any CPU
		{6F034208-02C2-4DD5-913C-CF1D7B26E7AD}.Debug|Any CPU.Build.0 = Debug|Any CPU
		{6F034208-02C2-4DD5-913C-CF1D7B26E7AD}.Debug|x64.ActiveCfg = Debug|Any CPU
		{6F034208-02C2-4DD5-913C-CF1D7B26E7AD}.Debug|x64.Build.0 = Debug|Any CPU
		{6F034208-02C2-4DD5-913C-CF1D7B26E7AD}.Debug|x86.ActiveCfg = Debug|Any CPU
		{6F034208-02C2-4DD5-913C-CF1D7B26E7AD}.Debug|x86.Build.0 = Debug|Any CPU
		{6F034208-02C2-4DD5-913C-CF1D7B26E7AD}.Release|Any CPU.ActiveCfg = Release|Any CPU
		{6F034208-02C2-4DD5-913C-CF1D7B26E7AD}.Release|Any CPU.Build.0 = Release|Any CPU
		{6F034208-02C2-4DD5-913C-CF1D7B26E7AD}.Release|x64.ActiveCfg = Release|Any CPU
		{6F034208-02C2-4DD5-913C-CF1D7B26E7AD}.Release|x64.Build.0 = Release|Any CPU
		{6F034208-02C2-4DD5-913C-CF1D7B26E7AD}.Release|x86.ActiveCfg = Release|Any CPU
		{6F034208-02C2-4DD5-913C-CF1D7B26E7AD}.Release|x86.Build.0 = Release|Any CPU
		{4916B720-E752-44FD-AD74-79F41D589B61}.Debug|Any CPU.ActiveCfg = Debug|Any CPU
		{4916B720-E752-44FD-AD74-79F41D589B61}.Debug|Any CPU.Build.0 = Debug|Any CPU
		{4916B720-E752-44FD-AD74-79F41D589B61}.Debug|x64.ActiveCfg = Debug|Any CPU
		{4916B720-E752-44FD-AD74-79F41D589B61}.Debug|x64.Build.0 = Debug|Any CPU
		{4916B720-E752-44FD-AD74-79F41D589B61}.Debug|x86.ActiveCfg = Debug|Any CPU
		{4916B720-E752-44FD-AD74-79F41D589B61}.Debug|x86.Build.0 = Debug|Any CPU
		{4916B720-E752-44FD-AD74-79F41D589B61}.Release|Any CPU.ActiveCfg = Release|Any CPU
		{4916B720-E752-44FD-AD74-79F41D589B61}.Release|Any CPU.Build.0 = Release|Any CPU
		{4916B720-E752-44FD-AD74-79F41D589B61}.Release|x64.ActiveCfg = Release|Any CPU
		{4916B720-E752-44FD-AD74-79F41D589B61}.Release|x64.Build.0 = Release|Any CPU
		{4916B720-E752-44FD-AD74-79F41D589B61}.Release|x86.ActiveCfg = Release|Any CPU
		{4916B720-E752-44FD-AD74-79F41D589B61}.Release|x86.Build.0 = Release|Any CPU
		{A211E54A-0DDB-4179-A072-551CD090DA6B}.Debug|Any CPU.ActiveCfg = Debug|Any CPU
		{A211E54A-0DDB-4179-A072-551CD090DA6B}.Debug|Any CPU.Build.0 = Debug|Any CPU
		{A211E54A-0DDB-4179-A072-551CD090DA6B}.Debug|x64.ActiveCfg = Debug|Any CPU
		{A211E54A-0DDB-4179-A072-551CD090DA6B}.Debug|x64.Build.0 = Debug|Any CPU
		{A211E54A-0DDB-4179-A072-551CD090DA6B}.Debug|x86.ActiveCfg = Debug|Any CPU
		{A211E54A-0DDB-4179-A072-551CD090DA6B}.Debug|x86.Build.0 = Debug|Any CPU
		{A211E54A-0DDB-4179-A072-551CD090DA6B}.Release|Any CPU.ActiveCfg = Release|Any CPU
		{A211E54A-0DDB-4179-A072-551CD090DA6B}.Release|Any CPU.Build.0 = Release|Any CPU
		{A211E54A-0DDB-4179-A072-551CD090DA6B}.Release|x64.ActiveCfg = Release|Any CPU
		{A211E54A-0DDB-4179-A072-551CD090DA6B}.Release|x64.Build.0 = Release|Any CPU
		{A211E54A-0DDB-4179-A072-551CD090DA6B}.Release|x86.ActiveCfg = Release|Any CPU
		{A211E54A-0DDB-4179-A072-551CD090DA6B}.Release|x86.Build.0 = Release|Any CPU
		{E7F2E391-534F-4BFC-85D2-0949E87CEE3C}.Debug|Any CPU.ActiveCfg = Debug|Any CPU
		{E7F2E391-534F-4BFC-85D2-0949E87CEE3C}.Debug|Any CPU.Build.0 = Debug|Any CPU
		{E7F2E391-534F-4BFC-85D2-0949E87CEE3C}.Debug|x64.ActiveCfg = Debug|Any CPU
		{E7F2E391-534F-4BFC-85D2-0949E87CEE3C}.Debug|x64.Build.0 = Debug|Any CPU
		{E7F2E391-534F-4BFC-85D2-0949E87CEE3C}.Debug|x86.ActiveCfg = Debug|Any CPU
		{E7F2E391-534F-4BFC-85D2-0949E87CEE3C}.Debug|x86.Build.0 = Debug|Any CPU
		{E7F2E391-534F-4BFC-85D2-0949E87CEE3C}.Release|Any CPU.ActiveCfg = Release|Any CPU
		{E7F2E391-534F-4BFC-85D2-0949E87CEE3C}.Release|Any CPU.Build.0 = Release|Any CPU
		{E7F2E391-534F-4BFC-85D2-0949E87CEE3C}.Release|x64.ActiveCfg = Release|Any CPU
		{E7F2E391-534F-4BFC-85D2-0949E87CEE3C}.Release|x64.Build.0 = Release|Any CPU
		{E7F2E391-534F-4BFC-85D2-0949E87CEE3C}.Release|x86.ActiveCfg = Release|Any CPU
		{E7F2E391-534F-4BFC-85D2-0949E87CEE3C}.Release|x86.Build.0 = Release|Any CPU
		{9A2197A7-5108-445B-8B54-4B46E525A7D3}.Debug|Any CPU.ActiveCfg = Debug|Any CPU
		{9A2197A7-5108-445B-8B54-4B46E525A7D3}.Debug|Any CPU.Build.0 = Debug|Any CPU
		{9A2197A7-5108-445B-8B54-4B46E525A7D3}.Debug|x64.ActiveCfg = Debug|Any CPU
		{9A2197A7-5108-445B-8B54-4B46E525A7D3}.Debug|x64.Build.0 = Debug|Any CPU
		{9A2197A7-5108-445B-8B54-4B46E525A7D3}.Debug|x86.ActiveCfg = Debug|Any CPU
		{9A2197A7-5108-445B-8B54-4B46E525A7D3}.Debug|x86.Build.0 = Debug|Any CPU
		{9A2197A7-5108-445B-8B54-4B46E525A7D3}.Release|Any CPU.ActiveCfg = Release|Any CPU
		{9A2197A7-5108-445B-8B54-4B46E525A7D3}.Release|Any CPU.Build.0 = Release|Any CPU
		{9A2197A7-5108-445B-8B54-4B46E525A7D3}.Release|x64.ActiveCfg = Release|Any CPU
		{9A2197A7-5108-445B-8B54-4B46E525A7D3}.Release|x64.Build.0 = Release|Any CPU
		{9A2197A7-5108-445B-8B54-4B46E525A7D3}.Release|x86.ActiveCfg = Release|Any CPU
		{9A2197A7-5108-445B-8B54-4B46E525A7D3}.Release|x86.Build.0 = Release|Any CPU
		{9AF6F544-FB57-432B-8CCF-C32B65B9F82D}.Debug|Any CPU.ActiveCfg = Debug|Any CPU
		{9AF6F544-FB57-432B-8CCF-C32B65B9F82D}.Debug|Any CPU.Build.0 = Debug|Any CPU
		{9AF6F544-FB57-432B-8CCF-C32B65B9F82D}.Debug|x64.ActiveCfg = Debug|Any CPU
		{9AF6F544-FB57-432B-8CCF-C32B65B9F82D}.Debug|x64.Build.0 = Debug|Any CPU
		{9AF6F544-FB57-432B-8CCF-C32B65B9F82D}.Debug|x86.ActiveCfg = Debug|Any CPU
		{9AF6F544-FB57-432B-8CCF-C32B65B9F82D}.Debug|x86.Build.0 = Debug|Any CPU
		{9AF6F544-FB57-432B-8CCF-C32B65B9F82D}.Release|Any CPU.ActiveCfg = Release|Any CPU
		{9AF6F544-FB57-432B-8CCF-C32B65B9F82D}.Release|Any CPU.Build.0 = Release|Any CPU
		{9AF6F544-FB57-432B-8CCF-C32B65B9F82D}.Release|x64.ActiveCfg = Release|Any CPU
		{9AF6F544-FB57-432B-8CCF-C32B65B9F82D}.Release|x64.Build.0 = Release|Any CPU
		{9AF6F544-FB57-432B-8CCF-C32B65B9F82D}.Release|x86.ActiveCfg = Release|Any CPU
		{9AF6F544-FB57-432B-8CCF-C32B65B9F82D}.Release|x86.Build.0 = Release|Any CPU
		{D55E920A-8B56-43AD-A799-6E6154193427}.Debug|Any CPU.ActiveCfg = Debug|Any CPU
		{D55E920A-8B56-43AD-A799-6E6154193427}.Debug|Any CPU.Build.0 = Debug|Any CPU
		{D55E920A-8B56-43AD-A799-6E6154193427}.Debug|x64.ActiveCfg = Debug|Any CPU
		{D55E920A-8B56-43AD-A799-6E6154193427}.Debug|x64.Build.0 = Debug|Any CPU
		{D55E920A-8B56-43AD-A799-6E6154193427}.Debug|x86.ActiveCfg = Debug|Any CPU
		{D55E920A-8B56-43AD-A799-6E6154193427}.Debug|x86.Build.0 = Debug|Any CPU
		{D55E920A-8B56-43AD-A799-6E6154193427}.Release|Any CPU.ActiveCfg = Release|Any CPU
		{D55E920A-8B56-43AD-A799-6E6154193427}.Release|Any CPU.Build.0 = Release|Any CPU
		{D55E920A-8B56-43AD-A799-6E6154193427}.Release|x64.ActiveCfg = Release|Any CPU
		{D55E920A-8B56-43AD-A799-6E6154193427}.Release|x64.Build.0 = Release|Any CPU
		{D55E920A-8B56-43AD-A799-6E6154193427}.Release|x86.ActiveCfg = Release|Any CPU
		{D55E920A-8B56-43AD-A799-6E6154193427}.Release|x86.Build.0 = Release|Any CPU
		{09196B37-608E-477C-BC9E-7193291E8FB6}.Debug|Any CPU.ActiveCfg = Debug|Any CPU
		{09196B37-608E-477C-BC9E-7193291E8FB6}.Debug|Any CPU.Build.0 = Debug|Any CPU
		{09196B37-608E-477C-BC9E-7193291E8FB6}.Debug|x64.ActiveCfg = Debug|Any CPU
		{09196B37-608E-477C-BC9E-7193291E8FB6}.Debug|x64.Build.0 = Debug|Any CPU
		{09196B37-608E-477C-BC9E-7193291E8FB6}.Debug|x86.ActiveCfg = Debug|Any CPU
		{09196B37-608E-477C-BC9E-7193291E8FB6}.Debug|x86.Build.0 = Debug|Any CPU
		{09196B37-608E-477C-BC9E-7193291E8FB6}.Release|Any CPU.ActiveCfg = Release|Any CPU
		{09196B37-608E-477C-BC9E-7193291E8FB6}.Release|Any CPU.Build.0 = Release|Any CPU
		{09196B37-608E-477C-BC9E-7193291E8FB6}.Release|x64.ActiveCfg = Release|Any CPU
		{09196B37-608E-477C-BC9E-7193291E8FB6}.Release|x64.Build.0 = Release|Any CPU
		{09196B37-608E-477C-BC9E-7193291E8FB6}.Release|x86.ActiveCfg = Release|Any CPU
		{09196B37-608E-477C-BC9E-7193291E8FB6}.Release|x86.Build.0 = Release|Any CPU
		{6C159F34-B681-42FC-855D-24704328AD47}.Debug|Any CPU.ActiveCfg = Debug|Any CPU
		{6C159F34-B681-42FC-855D-24704328AD47}.Debug|Any CPU.Build.0 = Debug|Any CPU
		{6C159F34-B681-42FC-855D-24704328AD47}.Debug|x64.ActiveCfg = Debug|Any CPU
		{6C159F34-B681-42FC-855D-24704328AD47}.Debug|x64.Build.0 = Debug|Any CPU
		{6C159F34-B681-42FC-855D-24704328AD47}.Debug|x86.ActiveCfg = Debug|Any CPU
		{6C159F34-B681-42FC-855D-24704328AD47}.Debug|x86.Build.0 = Debug|Any CPU
		{6C159F34-B681-42FC-855D-24704328AD47}.Release|Any CPU.ActiveCfg = Release|Any CPU
		{6C159F34-B681-42FC-855D-24704328AD47}.Release|Any CPU.Build.0 = Release|Any CPU
		{6C159F34-B681-42FC-855D-24704328AD47}.Release|x64.ActiveCfg = Release|Any CPU
		{6C159F34-B681-42FC-855D-24704328AD47}.Release|x64.Build.0 = Release|Any CPU
		{6C159F34-B681-42FC-855D-24704328AD47}.Release|x86.ActiveCfg = Release|Any CPU
		{6C159F34-B681-42FC-855D-24704328AD47}.Release|x86.Build.0 = Release|Any CPU
		{9EAAE6B5-BCFA-43E4-A480-988FF8C72246}.Debug|Any CPU.ActiveCfg = Debug|Any CPU
		{9EAAE6B5-BCFA-43E4-A480-988FF8C72246}.Debug|Any CPU.Build.0 = Debug|Any CPU
		{9EAAE6B5-BCFA-43E4-A480-988FF8C72246}.Debug|x64.ActiveCfg = Debug|Any CPU
		{9EAAE6B5-BCFA-43E4-A480-988FF8C72246}.Debug|x64.Build.0 = Debug|Any CPU
		{9EAAE6B5-BCFA-43E4-A480-988FF8C72246}.Debug|x86.ActiveCfg = Debug|Any CPU
		{9EAAE6B5-BCFA-43E4-A480-988FF8C72246}.Debug|x86.Build.0 = Debug|Any CPU
		{9EAAE6B5-BCFA-43E4-A480-988FF8C72246}.Release|Any CPU.ActiveCfg = Release|Any CPU
		{9EAAE6B5-BCFA-43E4-A480-988FF8C72246}.Release|Any CPU.Build.0 = Release|Any CPU
		{9EAAE6B5-BCFA-43E4-A480-988FF8C72246}.Release|x64.ActiveCfg = Release|Any CPU
		{9EAAE6B5-BCFA-43E4-A480-988FF8C72246}.Release|x64.Build.0 = Release|Any CPU
		{9EAAE6B5-BCFA-43E4-A480-988FF8C72246}.Release|x86.ActiveCfg = Release|Any CPU
		{9EAAE6B5-BCFA-43E4-A480-988FF8C72246}.Release|x86.Build.0 = Release|Any CPU
		{F78D85D9-5E4A-48FC-8E28-8DFFF869165E}.Debug|Any CPU.ActiveCfg = Debug|Any CPU
		{F78D85D9-5E4A-48FC-8E28-8DFFF869165E}.Debug|Any CPU.Build.0 = Debug|Any CPU
		{F78D85D9-5E4A-48FC-8E28-8DFFF869165E}.Debug|x64.ActiveCfg = Debug|Any CPU
		{F78D85D9-5E4A-48FC-8E28-8DFFF869165E}.Debug|x64.Build.0 = Debug|Any CPU
		{F78D85D9-5E4A-48FC-8E28-8DFFF869165E}.Debug|x86.ActiveCfg = Debug|Any CPU
		{F78D85D9-5E4A-48FC-8E28-8DFFF869165E}.Debug|x86.Build.0 = Debug|Any CPU
		{F78D85D9-5E4A-48FC-8E28-8DFFF869165E}.Release|Any CPU.ActiveCfg = Release|Any CPU
		{F78D85D9-5E4A-48FC-8E28-8DFFF869165E}.Release|Any CPU.Build.0 = Release|Any CPU
		{F78D85D9-5E4A-48FC-8E28-8DFFF869165E}.Release|x64.ActiveCfg = Release|Any CPU
		{F78D85D9-5E4A-48FC-8E28-8DFFF869165E}.Release|x64.Build.0 = Release|Any CPU
		{F78D85D9-5E4A-48FC-8E28-8DFFF869165E}.Release|x86.ActiveCfg = Release|Any CPU
		{F78D85D9-5E4A-48FC-8E28-8DFFF869165E}.Release|x86.Build.0 = Release|Any CPU
		{61E7FB8E-49AA-439E-8EB1-7A79309AD81F}.Debug|Any CPU.ActiveCfg = Debug|Any CPU
		{61E7FB8E-49AA-439E-8EB1-7A79309AD81F}.Debug|Any CPU.Build.0 = Debug|Any CPU
		{61E7FB8E-49AA-439E-8EB1-7A79309AD81F}.Debug|x64.ActiveCfg = Debug|Any CPU
		{61E7FB8E-49AA-439E-8EB1-7A79309AD81F}.Debug|x64.Build.0 = Debug|Any CPU
		{61E7FB8E-49AA-439E-8EB1-7A79309AD81F}.Debug|x86.ActiveCfg = Debug|Any CPU
		{61E7FB8E-49AA-439E-8EB1-7A79309AD81F}.Debug|x86.Build.0 = Debug|Any CPU
		{61E7FB8E-49AA-439E-8EB1-7A79309AD81F}.Release|Any CPU.ActiveCfg = Release|Any CPU
		{61E7FB8E-49AA-439E-8EB1-7A79309AD81F}.Release|Any CPU.Build.0 = Release|Any CPU
		{61E7FB8E-49AA-439E-8EB1-7A79309AD81F}.Release|x64.ActiveCfg = Release|Any CPU
		{61E7FB8E-49AA-439E-8EB1-7A79309AD81F}.Release|x64.Build.0 = Release|Any CPU
		{61E7FB8E-49AA-439E-8EB1-7A79309AD81F}.Release|x86.ActiveCfg = Release|Any CPU
		{61E7FB8E-49AA-439E-8EB1-7A79309AD81F}.Release|x86.Build.0 = Release|Any CPU
	EndGlobalSection
	GlobalSection(SolutionProperties) = preSolution
		HideSolutionNode = FALSE
	EndGlobalSection
	GlobalSection(ExtensibilityGlobals) = postSolution
		SolutionGuid = {8CA0CB73-5EE1-4ED3-BA3D-550941158F2B}
	EndGlobalSection
EndGlobal
