
Microsoft Visual Studio Solution File, Format Version 12.00
# Visual Studio Version 18
VisualStudioVersion = 18.1.11312.151
MinimumVisualStudioVersion = 10.0.40219.1
Project("{FAE04EC0-301F-11D3-BF4B-00C04F79EFBC}") = "Nalix.Shared.Tests", "Nalix.Shared.Tests\Nalix.Shared.Tests.csproj", "{287268AF-2EE2-4224-996A-95B05C14DEB8}"
EndProject
Project("{FAE04EC0-301F-11D3-BF4B-00C04F79EFBC}") = "Nalix.SDK.Tests", "Nalix.SDK.Tests\Nalix.SDK.Tests.csproj", "{04D08520-D003-44C9-8C9C-3C740EDB6BB3}"
EndProject
Project("{FAE04EC0-301F-11D3-BF4B-00C04F79EFBC}") = "Nalix.Framework.Tests", "Nalix.Framework.Tests\Nalix.Framework.Tests.csproj", "{58624F40-114E-47AE-B0C1-8172E9193149}"
EndProject
Project("{FAE04EC0-301F-11D3-BF4B-00C04F79EFBC}") = "Nalix.Network.Tests", "Nalix.Network.Test\Nalix.Network.Tests.csproj", "{ED15C3AE-B417-4702-86E5-D207F54C3DA0}"
EndProject
Project("{FAE04EC0-301F-11D3-BF4B-00C04F79EFBC}") = "Nalix.Network.Console", "Nalix.Network.Console\Nalix.Network.Console.csproj", "{35DB73A2-FD72-4861-A7CF-D397BC3825A2}"
EndProject
Global
	GlobalSection(SolutionConfigurationPlatforms) = preSolution
		Debug|Any CPU = Debug|Any CPU
		Release|Any CPU = Release|Any CPU
	EndGlobalSection
	GlobalSection(ProjectConfigurationPlatforms) = postSolution
		{287268AF-2EE2-4224-996A-95B05C14DEB8}.Debug|Any CPU.ActiveCfg = Debug|Any CPU
		{287268AF-2EE2-4224-996A-95B05C14DEB8}.Debug|Any CPU.Build.0 = Debug|Any CPU
		{287268AF-2EE2-4224-996A-95B05C14DEB8}.Release|Any CPU.ActiveCfg = Release|Any CPU
		{287268AF-2EE2-4224-996A-95B05C14DEB8}.Release|Any CPU.Build.0 = Release|Any CPU
		{04D08520-D003-44C9-8C9C-3C740EDB6BB3}.Debug|Any CPU.ActiveCfg = Debug|Any CPU
		{04D08520-D003-44C9-8C9C-3C740EDB6BB3}.Debug|Any CPU.Build.0 = Debug|Any CPU
		{04D08520-D003-44C9-8C9C-3C740EDB6BB3}.Release|Any CPU.ActiveCfg = Release|Any CPU
		{04D08520-D003-44C9-8C9C-3C740EDB6BB3}.Release|Any CPU.Build.0 = Release|Any CPU
		{58624F40-114E-47AE-B0C1-8172E9193149}.Debug|Any CPU.ActiveCfg = Debug|Any CPU
		{58624F40-114E-47AE-B0C1-8172E9193149}.Debug|Any CPU.Build.0 = Debug|Any CPU
		{58624F40-114E-47AE-B0C1-8172E9193149}.Release|Any CPU.ActiveCfg = Release|Any CPU
		{58624F40-114E-47AE-B0C1-8172E9193149}.Release|Any CPU.Build.0 = Release|Any CPU
		{ED15C3AE-B417-4702-86E5-D207F54C3DA0}.Debug|Any CPU.ActiveCfg = Debug|Any CPU
		{ED15C3AE-B417-4702-86E5-D207F54C3DA0}.Debug|Any CPU.Build.0 = Debug|Any CPU
		{ED15C3AE-B417-4702-86E5-D207F54C3DA0}.Release|Any CPU.ActiveCfg = Release|Any CPU
		{ED15C3AE-B417-4702-86E5-D207F54C3DA0}.Release|Any CPU.Build.0 = Release|Any CPU
		{35DB73A2-FD72-4861-A7CF-D397BC3825A2}.Debug|Any CPU.ActiveCfg = Debug|Any CPU
		{35DB73A2-FD72-4861-A7CF-D397BC3825A2}.Debug|Any CPU.Build.0 = Debug|Any CPU
		{35DB73A2-FD72-4861-A7CF-D397BC3825A2}.Release|Any CPU.ActiveCfg = Release|Any CPU
		{35DB73A2-FD72-4861-A7CF-D397BC3825A2}.Release|Any CPU.Build.0 = Release|Any CPU
	EndGlobalSection
	GlobalSection(SolutionProperties) = preSolution
		HideSolutionNode = FALSE
	EndGlobalSection
	GlobalSection(ExtensibilityGlobals) = postSolution
		SolutionGuid = {8CA0CB73-5EE1-4ED3-BA3D-550941158F2B}
	EndGlobalSection
EndGlobal
