
Microsoft Visual Studio Solution File, Format Version 12.00
# Visual Studio Version 18
VisualStudioVersion = 18.6.11822.322 stable
MinimumVisualStudioVersion = 10.0.40219.1
Project("{FAE04EC0-301F-11D3-BF4B-00C04F79EFBC}") = "HelloWorld.Contracts", "HelloWorld.Contracts\HelloWorld.Contracts.csproj", "{86187679-4F31-43C7-8D67-6FF459755758}"
EndProject
Project("{FAE04EC0-301F-11D3-BF4B-00C04F79EFBC}") = "HelloWorld.Server", "HelloWorld.Server\HelloWorld.Server.csproj", "{46833515-5499-4BA1-A3E6-72335C0AB47C}"
EndProject
Project("{FAE04EC0-301F-11D3-BF4B-00C04F79EFBC}") = "HelloWorld.Client", "HelloWorld.Client\HelloWorld.Client.csproj", "{28D7A8B3-20D4-455A-A9E9-17827E22BD9F}"
EndProject
Global
	GlobalSection(SolutionConfigurationPlatforms) = preSolution
		Debug|Any CPU = Debug|Any CPU
		Debug|x64 = Debug|x64
		Debug|x86 = Debug|x86
		Release|Any CPU = Release|Any CPU
		Release|x64 = Release|x64
		Release|x86 = Release|x86
	EndGlobalSection
	GlobalSection(ProjectConfigurationPlatforms) = postSolution
		{86187679-4F31-43C7-8D67-6FF459755758}.Debug|Any CPU.ActiveCfg = Debug|Any CPU
		{86187679-4F31-43C7-8D67-6FF459755758}.Debug|Any CPU.Build.0 = Debug|Any CPU
		{86187679-4F31-43C7-8D67-6FF459755758}.Debug|x64.ActiveCfg = Debug|Any CPU
		{86187679-4F31-43C7-8D67-6FF459755758}.Debug|x64.Build.0 = Debug|Any CPU
		{86187679-4F31-43C7-8D67-6FF459755758}.Debug|x86.ActiveCfg = Debug|Any CPU
		{86187679-4F31-43C7-8D67-6FF459755758}.Debug|x86.Build.0 = Debug|Any CPU
		{86187679-4F31-43C7-8D67-6FF459755758}.Release|Any CPU.ActiveCfg = Release|Any CPU
		{86187679-4F31-43C7-8D67-6FF459755758}.Release|Any CPU.Build.0 = Release|Any CPU
		{86187679-4F31-43C7-8D67-6FF459755758}.Release|x64.ActiveCfg = Release|Any CPU
		{86187679-4F31-43C7-8D67-6FF459755758}.Release|x64.Build.0 = Release|Any CPU
		{86187679-4F31-43C7-8D67-6FF459755758}.Release|x86.ActiveCfg = Release|Any CPU
		{86187679-4F31-43C7-8D67-6FF459755758}.Release|x86.Build.0 = Release|Any CPU
		{46833515-5499-4BA1-A3E6-72335C0AB47C}.Debug|Any CPU.ActiveCfg = Debug|Any CPU
		{46833515-5499-4BA1-A3E6-72335C0AB47C}.Debug|Any CPU.Build.0 = Debug|Any CPU
		{46833515-5499-4BA1-A3E6-72335C0AB47C}.Debug|x64.ActiveCfg = Debug|Any CPU
		{46833515-5499-4BA1-A3E6-72335C0AB47C}.Debug|x64.Build.0 = Debug|Any CPU
		{46833515-5499-4BA1-A3E6-72335C0AB47C}.Debug|x86.ActiveCfg = Debug|Any CPU
		{46833515-5499-4BA1-A3E6-72335C0AB47C}.Debug|x86.Build.0 = Debug|Any CPU
		{46833515-5499-4BA1-A3E6-72335C0AB47C}.Release|Any CPU.ActiveCfg = Release|Any CPU
		{46833515-5499-4BA1-A3E6-72335C0AB47C}.Release|Any CPU.Build.0 = Release|Any CPU
		{46833515-5499-4BA1-A3E6-72335C0AB47C}.Release|x64.ActiveCfg = Release|Any CPU
		{46833515-5499-4BA1-A3E6-72335C0AB47C}.Release|x64.Build.0 = Release|Any CPU
		{46833515-5499-4BA1-A3E6-72335C0AB47C}.Release|x86.ActiveCfg = Release|Any CPU
		{46833515-5499-4BA1-A3E6-72335C0AB47C}.Release|x86.Build.0 = Release|Any CPU
		{28D7A8B3-20D4-455A-A9E9-17827E22BD9F}.Debug|Any CPU.ActiveCfg = Debug|Any CPU
		{28D7A8B3-20D4-455A-A9E9-17827E22BD9F}.Debug|Any CPU.Build.0 = Debug|Any CPU
		{28D7A8B3-20D4-455A-A9E9-17827E22BD9F}.Debug|x64.ActiveCfg = Debug|Any CPU
		{28D7A8B3-20D4-455A-A9E9-17827E22BD9F}.Debug|x64.Build.0 = Debug|Any CPU
		{28D7A8B3-20D4-455A-A9E9-17827E22BD9F}.Debug|x86.ActiveCfg = Debug|Any CPU
		{28D7A8B3-20D4-455A-A9E9-17827E22BD9F}.Debug|x86.Build.0 = Debug|Any CPU
		{28D7A8B3-20D4-455A-A9E9-17827E22BD9F}.Release|Any CPU.ActiveCfg = Release|Any CPU
		{28D7A8B3-20D4-455A-A9E9-17827E22BD9F}.Release|Any CPU.Build.0 = Release|Any CPU
		{28D7A8B3-20D4-455A-A9E9-17827E22BD9F}.Release|x64.ActiveCfg = Release|Any CPU
		{28D7A8B3-20D4-455A-A9E9-17827E22BD9F}.Release|x64.Build.0 = Release|Any CPU
		{28D7A8B3-20D4-455A-A9E9-17827E22BD9F}.Release|x86.ActiveCfg = Release|Any CPU
		{28D7A8B3-20D4-455A-A9E9-17827E22BD9F}.Release|x86.Build.0 = Release|Any CPU
	EndGlobalSection
	GlobalSection(SolutionProperties) = preSolution
		HideSolutionNode = FALSE
	EndGlobalSection
EndGlobal
