
Microsoft Visual Studio Solution File, Format Version 12.00
# Visual Studio Version 18
VisualStudioVersion = 18.3.11520.95
MinimumVisualStudioVersion = 10.0.40219.1
Project("{FAE04EC0-301F-11D3-BF4B-00C04F79EFBC}") = "Application", "Application\Application.csproj", "{0E5FDB62-A0DA-4466-813C-27150333EFFC}"
EndProject
Global
	GlobalSection(SolutionConfigurationPlatforms) = preSolution
		Debug|Any CPU = Debug|Any CPU
		Release|Any CPU = Release|Any CPU
	EndGlobalSection
	GlobalSection(ProjectConfigurationPlatforms) = postSolution
		{0E5FDB62-A0DA-4466-813C-27150333EFFC}.Debug|Any CPU.ActiveCfg = Debug|Any CPU
		{0E5FDB62-A0DA-4466-813C-27150333EFFC}.Debug|Any CPU.Build.0 = Debug|Any CPU
		{0E5FDB62-A0DA-4466-813C-27150333EFFC}.Release|Any CPU.ActiveCfg = Release|Any CPU
		{0E5FDB62-A0DA-4466-813C-27150333EFFC}.Release|Any CPU.Build.0 = Release|Any CPU
	EndGlobalSection
	GlobalSection(SolutionProperties) = preSolution
		HideSolutionNode = FALSE
	EndGlobalSection
	GlobalSection(ExtensibilityGlobals) = postSolution
		SolutionGuid = {8DA0DB62-77CC-4462-8053-A5784F2C2B38}
	EndGlobalSection
EndGlobal
