
Microsoft Visual Studio Solution File, Format Version 12.00
# Visual Studio Version 18
VisualStudioVersion = 18.3.11520.95 d18.3
MinimumVisualStudioVersion = 10.0.40219.1
Project("{FAE04EC0-301F-11D3-BF4B-00C04F79EFBC}") = "Nalix.Network.Examples", "Nalix.Network.Examples.csproj", "{1A74F530-AAEA-E112-9071-9EE4F2DE6B34}"
EndProject
Global
	GlobalSection(SolutionConfigurationPlatforms) = preSolution
		Debug|Any CPU = Debug|Any CPU
		Release|Any CPU = Release|Any CPU
	EndGlobalSection
	GlobalSection(ProjectConfigurationPlatforms) = postSolution
		{1A74F530-AAEA-E112-9071-9EE4F2DE6B34}.Debug|Any CPU.ActiveCfg = Debug|Any CPU
		{1A74F530-AAEA-E112-9071-9EE4F2DE6B34}.Debug|Any CPU.Build.0 = Debug|Any CPU
		{1A74F530-AAEA-E112-9071-9EE4F2DE6B34}.Release|Any CPU.ActiveCfg = Release|Any CPU
		{1A74F530-AAEA-E112-9071-9EE4F2DE6B34}.Release|Any CPU.Build.0 = Release|Any CPU
	EndGlobalSection
	GlobalSection(SolutionProperties) = preSolution
		HideSolutionNode = FALSE
	EndGlobalSection
	GlobalSection(ExtensibilityGlobals) = postSolution
		SolutionGuid = {83A76A87-368A-494B-B662-22AEB2101C1B}
	EndGlobalSection
EndGlobal
