
Microsoft Visual Studio Solution File, Format Version 12.00
# Visual Studio Version 18
VisualStudioVersion = 18.3.11520.95
MinimumVisualStudioVersion = 10.0.40219.1
Project("{FAE04EC0-301F-11D3-BF4B-00C04F79EFBC}") = "Nalix.Certificate", "Nalix.Certificate\Nalix.Certificate.csproj", "{A8CE6ABB-9AC9-49DB-898A-D60A6D457B47}"
EndProject
Global
	GlobalSection(SolutionConfigurationPlatforms) = preSolution
		Debug|Any CPU = Debug|Any CPU
		Debug|x64 = Debug|x64
		Debug|x86 = Debug|x86
		Release|Any CPU = Release|Any CPU
		Release|x64 = Release|x64
		Release|x86 = Release|x86
	EndGlobalSection
	GlobalSection(ProjectConfigurationPlatforms) = postSolution
		{A8CE6ABB-9AC9-49DB-898A-D60A6D457B47}.Debug|Any CPU.ActiveCfg = Debug|Any CPU
		{A8CE6ABB-9AC9-49DB-898A-D60A6D457B47}.Debug|Any CPU.Build.0 = Debug|Any CPU
		{A8CE6ABB-9AC9-49DB-898A-D60A6D457B47}.Debug|x64.ActiveCfg = Debug|Any CPU
		{A8CE6ABB-9AC9-49DB-898A-D60A6D457B47}.Debug|x64.Build.0 = Debug|Any CPU
		{A8CE6ABB-9AC9-49DB-898A-D60A6D457B47}.Debug|x86.ActiveCfg = Debug|Any CPU
		{A8CE6ABB-9AC9-49DB-898A-D60A6D457B47}.Debug|x86.Build.0 = Debug|Any CPU
		{A8CE6ABB-9AC9-49DB-898A-D60A6D457B47}.Release|Any CPU.ActiveCfg = Release|Any CPU
		{A8CE6ABB-9AC9-49DB-898A-D60A6D457B47}.Release|Any CPU.Build.0 = Release|Any CPU
		{A8CE6ABB-9AC9-49DB-898A-D60A6D457B47}.Release|x64.ActiveCfg = Release|Any CPU
		{A8CE6ABB-9AC9-49DB-898A-D60A6D457B47}.Release|x64.Build.0 = Release|Any CPU
		{A8CE6ABB-9AC9-49DB-898A-D60A6D457B47}.Release|x86.ActiveCfg = Release|Any CPU
		{A8CE6ABB-9AC9-49DB-898A-D60A6D457B47}.Release|x86.Build.0 = Release|Any CPU
	EndGlobalSection
	GlobalSection(SolutionProperties) = preSolution
		HideSolutionNode = FALSE
	EndGlobalSection
	GlobalSection(ExtensibilityGlobals) = postSolution
		SolutionGuid = {8DA0DB62-77CC-4462-8053-A5784F2C2B38}
	EndGlobalSection
EndGlobal
