
Microsoft Visual Studio Solution File, Format Version 12.00
# Visual Studio Version 18
VisualStudioVersion = 18.0.11205.157
MinimumVisualStudioVersion = 10.0.40219.1
Project("{FAE04EC0-301F-11D3-BF4B-00C04F79EFBC}") = "Nalix.Common", "Nalix.Common\Nalix.Common.csproj", "{F01710B4-39AF-44B2-BCFC-B20DD45F41EB}"
EndProject
Project("{FAE04EC0-301F-11D3-BF4B-00C04F79EFBC}") = "Nalix.Logging", "Nalix.Logging\Nalix.Logging.csproj", "{55CB6D4F-749E-4E35-A35C-B8926838D4FE}"
EndProject
Project("{FAE04EC0-301F-11D3-BF4B-00C04F79EFBC}") = "Nalix.Network", "Nalix.Network\Nalix.Network.csproj", "{24F017C9-5CCA-4FC9-8065-2CEA05A0447E}"
EndProject
Project("{FAE04EC0-301F-11D3-BF4B-00C04F79EFBC}") = "Nalix.SDK", "Nalix.SDK\Nalix.SDK.csproj", "{49B4D3DF-AD9A-439D-A464-13BE86045384}"
EndProject
Project("{FAE04EC0-301F-11D3-BF4B-00C04F79EFBC}") = "Nalix.Framework", "Nalix.Framework\Nalix.Framework.csproj", "{ADC7C8BE-0BE0-4EF6-B429-0E217857A387}"
EndProject
Project("{FAE04EC0-301F-11D3-BF4B-00C04F79EFBC}") = "Nalix.Analyzers", "Nalix.Analyzers\Nalix.Analyzers.csproj", "{7FFF80B6-6212-477B-880E-C34C21E6E6DD}"
EndProject
Project("{FAE04EC0-301F-11D3-BF4B-00C04F79EFBC}") = "Nalix.Analyzers.CodeFixes", "Nalix.Analyzers.CodeFixes\Nalix.Analyzers.CodeFixes.csproj", "{5C2949D2-35AF-4CF5-927E-0FC1B309AE94}"
EndProject
Project("{FAE04EC0-301F-11D3-BF4B-00C04F79EFBC}") = "Nalix.Network.Hosting", "Nalix.Network.Hosting\Nalix.Network.Hosting.csproj", "{95FD7620-8809-4A71-9F79-805C21B925B7}"
EndProject
Project("{FAE04EC0-301F-11D3-BF4B-00C04F79EFBC}") = "Nalix.Runtime", "Nalix.Runtime\Nalix.Runtime.csproj", "{D17F329D-430C-4502-BCB7-F80319CDFB71}"
EndProject
Global
	GlobalSection(SolutionConfigurationPlatforms) = preSolution
		Debug|Any CPU = Debug|Any CPU
		Debug|x64 = Debug|x64
		Debug|x86 = Debug|x86
		Release|Any CPU = Release|Any CPU
		Release|x64 = Release|x64
		Release|x86 = Release|x86
	EndGlobalSection
	GlobalSection(ProjectConfigurationPlatforms) = postSolution
		{F01710B4-39AF-44B2-BCFC-B20DD45F41EB}.Debug|Any CPU.ActiveCfg = Debug|Any CPU
		{F01710B4-39AF-44B2-BCFC-B20DD45F41EB}.Debug|Any CPU.Build.0 = Debug|Any CPU
		{F01710B4-39AF-44B2-BCFC-B20DD45F41EB}.Debug|x64.ActiveCfg = Debug|Any CPU
		{F01710B4-39AF-44B2-BCFC-B20DD45F41EB}.Debug|x64.Build.0 = Debug|Any CPU
		{F01710B4-39AF-44B2-BCFC-B20DD45F41EB}.Debug|x86.ActiveCfg = Debug|Any CPU
		{F01710B4-39AF-44B2-BCFC-B20DD45F41EB}.Debug|x86.Build.0 = Debug|Any CPU
		{F01710B4-39AF-44B2-BCFC-B20DD45F41EB}.Release|Any CPU.ActiveCfg = Release|Any CPU
		{F01710B4-39AF-44B2-BCFC-B20DD45F41EB}.Release|Any CPU.Build.0 = Release|Any CPU
		{F01710B4-39AF-44B2-BCFC-B20DD45F41EB}.Release|x64.ActiveCfg = Release|Any CPU
		{F01710B4-39AF-44B2-BCFC-B20DD45F41EB}.Release|x64.Build.0 = Release|Any CPU
		{F01710B4-39AF-44B2-BCFC-B20DD45F41EB}.Release|x86.ActiveCfg = Release|Any CPU
		{F01710B4-39AF-44B2-BCFC-B20DD45F41EB}.Release|x86.Build.0 = Release|Any CPU
		{55CB6D4F-749E-4E35-A35C-B8926838D4FE}.Debug|Any CPU.ActiveCfg = Debug|Any CPU
		{55CB6D4F-749E-4E35-A35C-B8926838D4FE}.Debug|Any CPU.Build.0 = Debug|Any CPU
		{55CB6D4F-749E-4E35-A35C-B8926838D4FE}.Debug|x64.ActiveCfg = Debug|Any CPU
		{55CB6D4F-749E-4E35-A35C-B8926838D4FE}.Debug|x64.Build.0 = Debug|Any CPU
		{55CB6D4F-749E-4E35-A35C-B8926838D4FE}.Debug|x86.ActiveCfg = Debug|Any CPU
		{55CB6D4F-749E-4E35-A35C-B8926838D4FE}.Debug|x86.Build.0 = Debug|Any CPU
		{55CB6D4F-749E-4E35-A35C-B8926838D4FE}.Release|Any CPU.ActiveCfg = Release|Any CPU
		{55CB6D4F-749E-4E35-A35C-B8926838D4FE}.Release|Any CPU.Build.0 = Release|Any CPU
		{55CB6D4F-749E-4E35-A35C-B8926838D4FE}.Release|x64.ActiveCfg = Release|Any CPU
		{55CB6D4F-749E-4E35-A35C-B8926838D4FE}.Release|x64.Build.0 = Release|Any CPU
		{55CB6D4F-749E-4E35-A35C-B8926838D4FE}.Release|x86.ActiveCfg = Release|Any CPU
		{55CB6D4F-749E-4E35-A35C-B8926838D4FE}.Release|x86.Build.0 = Release|Any CPU
		{24F017C9-5CCA-4FC9-8065-2CEA05A0447E}.Debug|Any CPU.ActiveCfg = Debug|Any CPU
		{24F017C9-5CCA-4FC9-8065-2CEA05A0447E}.Debug|Any CPU.Build.0 = Debug|Any CPU
		{24F017C9-5CCA-4FC9-8065-2CEA05A0447E}.Debug|x64.ActiveCfg = Debug|Any CPU
		{24F017C9-5CCA-4FC9-8065-2CEA05A0447E}.Debug|x64.Build.0 = Debug|Any CPU
		{24F017C9-5CCA-4FC9-8065-2CEA05A0447E}.Debug|x86.ActiveCfg = Debug|Any CPU
		{24F017C9-5CCA-4FC9-8065-2CEA05A0447E}.Debug|x86.Build.0 = Debug|Any CPU
		{24F017C9-5CCA-4FC9-8065-2CEA05A0447E}.Release|Any CPU.ActiveCfg = Release|Any CPU
		{24F017C9-5CCA-4FC9-8065-2CEA05A0447E}.Release|Any CPU.Build.0 = Release|Any CPU
		{24F017C9-5CCA-4FC9-8065-2CEA05A0447E}.Release|x64.ActiveCfg = Release|Any CPU
		{24F017C9-5CCA-4FC9-8065-2CEA05A0447E}.Release|x64.Build.0 = Release|Any CPU
		{24F017C9-5CCA-4FC9-8065-2CEA05A0447E}.Release|x86.ActiveCfg = Release|Any CPU
		{24F017C9-5CCA-4FC9-8065-2CEA05A0447E}.Release|x86.Build.0 = Release|Any CPU
		{49B4D3DF-AD9A-439D-A464-13BE86045384}.Debug|Any CPU.ActiveCfg = Debug|Any CPU
		{49B4D3DF-AD9A-439D-A464-13BE86045384}.Debug|Any CPU.Build.0 = Debug|Any CPU
		{49B4D3DF-AD9A-439D-A464-13BE86045384}.Debug|x64.ActiveCfg = Debug|Any CPU
		{49B4D3DF-AD9A-439D-A464-13BE86045384}.Debug|x64.Build.0 = Debug|Any CPU
		{49B4D3DF-AD9A-439D-A464-13BE86045384}.Debug|x86.ActiveCfg = Debug|Any CPU
		{49B4D3DF-AD9A-439D-A464-13BE86045384}.Debug|x86.Build.0 = Debug|Any CPU
		{49B4D3DF-AD9A-439D-A464-13BE86045384}.Release|Any CPU.ActiveCfg = Release|Any CPU
		{49B4D3DF-AD9A-439D-A464-13BE86045384}.Release|Any CPU.Build.0 = Release|Any CPU
		{49B4D3DF-AD9A-439D-A464-13BE86045384}.Release|x64.ActiveCfg = Release|Any CPU
		{49B4D3DF-AD9A-439D-A464-13BE86045384}.Release|x64.Build.0 = Release|Any CPU
		{49B4D3DF-AD9A-439D-A464-13BE86045384}.Release|x86.ActiveCfg = Release|Any CPU
		{49B4D3DF-AD9A-439D-A464-13BE86045384}.Release|x86.Build.0 = Release|Any CPU
		{ADC7C8BE-0BE0-4EF6-B429-0E217857A387}.Debug|Any CPU.ActiveCfg = Debug|Any CPU
		{ADC7C8BE-0BE0-4EF6-B429-0E217857A387}.Debug|Any CPU.Build.0 = Debug|Any CPU
		{ADC7C8BE-0BE0-4EF6-B429-0E217857A387}.Debug|x64.ActiveCfg = Debug|Any CPU
		{ADC7C8BE-0BE0-4EF6-B429-0E217857A387}.Debug|x64.Build.0 = Debug|Any CPU
		{ADC7C8BE-0BE0-4EF6-B429-0E217857A387}.Debug|x86.ActiveCfg = Debug|Any CPU
		{ADC7C8BE-0BE0-4EF6-B429-0E217857A387}.Debug|x86.Build.0 = Debug|Any CPU
		{ADC7C8BE-0BE0-4EF6-B429-0E217857A387}.Release|Any CPU.ActiveCfg = Release|Any CPU
		{ADC7C8BE-0BE0-4EF6-B429-0E217857A387}.Release|Any CPU.Build.0 = Release|Any CPU
		{ADC7C8BE-0BE0-4EF6-B429-0E217857A387}.Release|x64.ActiveCfg = Release|Any CPU
		{ADC7C8BE-0BE0-4EF6-B429-0E217857A387}.Release|x64.Build.0 = Release|Any CPU
		{ADC7C8BE-0BE0-4EF6-B429-0E217857A387}.Release|x86.ActiveCfg = Release|Any CPU
		{ADC7C8BE-0BE0-4EF6-B429-0E217857A387}.Release|x86.Build.0 = Release|Any CPU
		{7FFF80B6-6212-477B-880E-C34C21E6E6DD}.Debug|Any CPU.ActiveCfg = Debug|Any CPU
		{7FFF80B6-6212-477B-880E-C34C21E6E6DD}.Debug|Any CPU.Build.0 = Debug|Any CPU
		{7FFF80B6-6212-477B-880E-C34C21E6E6DD}.Debug|x64.ActiveCfg = Debug|Any CPU
		{7FFF80B6-6212-477B-880E-C34C21E6E6DD}.Debug|x64.Build.0 = Debug|Any CPU
		{7FFF80B6-6212-477B-880E-C34C21E6E6DD}.Debug|x86.ActiveCfg = Debug|Any CPU
		{7FFF80B6-6212-477B-880E-C34C21E6E6DD}.Debug|x86.Build.0 = Debug|Any CPU
		{7FFF80B6-6212-477B-880E-C34C21E6E6DD}.Release|Any CPU.ActiveCfg = Release|Any CPU
		{7FFF80B6-6212-477B-880E-C34C21E6E6DD}.Release|Any CPU.Build.0 = Release|Any CPU
		{7FFF80B6-6212-477B-880E-C34C21E6E6DD}.Release|x64.ActiveCfg = Release|Any CPU
		{7FFF80B6-6212-477B-880E-C34C21E6E6DD}.Release|x64.Build.0 = Release|Any CPU
		{7FFF80B6-6212-477B-880E-C34C21E6E6DD}.Release|x86.ActiveCfg = Release|Any CPU
		{7FFF80B6-6212-477B-880E-C34C21E6E6DD}.Release|x86.Build.0 = Release|Any CPU
		{5C2949D2-35AF-4CF5-927E-0FC1B309AE94}.Debug|Any CPU.ActiveCfg = Debug|Any CPU
		{5C2949D2-35AF-4CF5-927E-0FC1B309AE94}.Debug|Any CPU.Build.0 = Debug|Any CPU
		{5C2949D2-35AF-4CF5-927E-0FC1B309AE94}.Debug|x64.ActiveCfg = Debug|Any CPU
		{5C2949D2-35AF-4CF5-927E-0FC1B309AE94}.Debug|x64.Build.0 = Debug|Any CPU
		{5C2949D2-35AF-4CF5-927E-0FC1B309AE94}.Debug|x86.ActiveCfg = Debug|Any CPU
		{5C2949D2-35AF-4CF5-927E-0FC1B309AE94}.Debug|x86.Build.0 = Debug|Any CPU
		{5C2949D2-35AF-4CF5-927E-0FC1B309AE94}.Release|Any CPU.ActiveCfg = Release|Any CPU
		{5C2949D2-35AF-4CF5-927E-0FC1B309AE94}.Release|Any CPU.Build.0 = Release|Any CPU
		{5C2949D2-35AF-4CF5-927E-0FC1B309AE94}.Release|x64.ActiveCfg = Release|Any CPU
		{5C2949D2-35AF-4CF5-927E-0FC1B309AE94}.Release|x64.Build.0 = Release|Any CPU
		{5C2949D2-35AF-4CF5-927E-0FC1B309AE94}.Release|x86.ActiveCfg = Release|Any CPU
		{5C2949D2-35AF-4CF5-927E-0FC1B309AE94}.Release|x86.Build.0 = Release|Any CPU
		{95FD7620-8809-4A71-9F79-805C21B925B7}.Debug|Any CPU.ActiveCfg = Debug|Any CPU
		{95FD7620-8809-4A71-9F79-805C21B925B7}.Debug|Any CPU.Build.0 = Debug|Any CPU
		{95FD7620-8809-4A71-9F79-805C21B925B7}.Debug|x64.ActiveCfg = Debug|Any CPU
		{95FD7620-8809-4A71-9F79-805C21B925B7}.Debug|x64.Build.0 = Debug|Any CPU
		{95FD7620-8809-4A71-9F79-805C21B925B7}.Debug|x86.ActiveCfg = Debug|Any CPU
		{95FD7620-8809-4A71-9F79-805C21B925B7}.Debug|x86.Build.0 = Debug|Any CPU
		{95FD7620-8809-4A71-9F79-805C21B925B7}.Release|Any CPU.ActiveCfg = Release|Any CPU
		{95FD7620-8809-4A71-9F79-805C21B925B7}.Release|Any CPU.Build.0 = Release|Any CPU
		{95FD7620-8809-4A71-9F79-805C21B925B7}.Release|x64.ActiveCfg = Release|Any CPU
		{95FD7620-8809-4A71-9F79-805C21B925B7}.Release|x64.Build.0 = Release|Any CPU
		{95FD7620-8809-4A71-9F79-805C21B925B7}.Release|x86.ActiveCfg = Release|Any CPU
		{95FD7620-8809-4A71-9F79-805C21B925B7}.Release|x86.Build.0 = Release|Any CPU
		{D17F329D-430C-4502-BCB7-F80319CDFB71}.Debug|Any CPU.ActiveCfg = Debug|Any CPU
		{D17F329D-430C-4502-BCB7-F80319CDFB71}.Debug|Any CPU.Build.0 = Debug|Any CPU
		{D17F329D-430C-4502-BCB7-F80319CDFB71}.Debug|x64.ActiveCfg = Debug|Any CPU
		{D17F329D-430C-4502-BCB7-F80319CDFB71}.Debug|x64.Build.0 = Debug|Any CPU
		{D17F329D-430C-4502-BCB7-F80319CDFB71}.Debug|x86.ActiveCfg = Debug|Any CPU
		{D17F329D-430C-4502-BCB7-F80319CDFB71}.Debug|x86.Build.0 = Debug|Any CPU
		{D17F329D-430C-4502-BCB7-F80319CDFB71}.Release|Any CPU.ActiveCfg = Release|Any CPU
		{D17F329D-430C-4502-BCB7-F80319CDFB71}.Release|Any CPU.Build.0 = Release|Any CPU
		{D17F329D-430C-4502-BCB7-F80319CDFB71}.Release|x64.ActiveCfg = Release|Any CPU
		{D17F329D-430C-4502-BCB7-F80319CDFB71}.Release|x64.Build.0 = Release|Any CPU
		{D17F329D-430C-4502-BCB7-F80319CDFB71}.Release|x86.ActiveCfg = Release|Any CPU
		{D17F329D-430C-4502-BCB7-F80319CDFB71}.Release|x86.Build.0 = Release|Any CPU
	EndGlobalSection
	GlobalSection(SolutionProperties) = preSolution
		HideSolutionNode = FALSE
	EndGlobalSection
	GlobalSection(ExtensibilityGlobals) = postSolution
		SolutionGuid = {F73D42D9-0E72-4453-A87F-5F1409E896BD}
	EndGlobalSection
EndGlobal
