
Microsoft Visual Studio Solution File, Format Version 12.00
# Visual Studio Version 17
VisualStudioVersion = 17.12.35521.163
MinimumVisualStudioVersion = 10.0.40219.1
Project("{FAE04EC0-301F-11D3-BF4B-00C04F79EFBC}") = "Nalix.Common", "Nalix.Common\Nalix.Common.csproj", "{F01710B4-39AF-44B2-BCFC-B20DD45F41EB}"
EndProject
Project("{FAE04EC0-301F-11D3-BF4B-00C04F79EFBC}") = "Nalix.Cryptography", "Nalix.Cryptography\Nalix.Cryptography.csproj", "{2F731F1B-BF8D-4F70-95A6-DBE57B16753D}"
EndProject
Project("{FAE04EC0-301F-11D3-BF4B-00C04F79EFBC}") = "Nalix.Logging", "Nalix.Logging\Nalix.Logging.csproj", "{55CB6D4F-749E-4E35-A35C-B8926838D4FE}"
EndProject
Project("{FAE04EC0-301F-11D3-BF4B-00C04F79EFBC}") = "Nalix.Network", "Nalix.Network\Nalix.Network.csproj", "{24F017C9-5CCA-4FC9-8065-2CEA05A0447E}"
EndProject
Project("{FAE04EC0-301F-11D3-BF4B-00C04F79EFBC}") = "Nalix.Shared", "Nalix.Shared\Nalix.Shared.csproj", "{7BA61F59-C06D-4728-B5B3-A8CE05BAA090}"
EndProject
Project("{FAE04EC0-301F-11D3-BF4B-00C04F79EFBC}") = "Nalix.SDK", "Nalix.SDK\Nalix.SDK.csproj", "{49B4D3DF-AD9A-439D-A464-13BE86045384}"
EndProject
Project("{FAE04EC0-301F-11D3-BF4B-00C04F79EFBC}") = "Nalix.Framework", "Nalix.Framework\Nalix.Framework.csproj", "{ADC7C8BE-0BE0-4EF6-B429-0E217857A387}"
EndProject
Global
	GlobalSection(SolutionConfigurationPlatforms) = preSolution
		Debug|Any CPU = Debug|Any CPU
		Release|Any CPU = Release|Any CPU
	EndGlobalSection
	GlobalSection(ProjectConfigurationPlatforms) = postSolution
		{F01710B4-39AF-44B2-BCFC-B20DD45F41EB}.Debug|Any CPU.ActiveCfg = Debug|Any CPU
		{F01710B4-39AF-44B2-BCFC-B20DD45F41EB}.Debug|Any CPU.Build.0 = Debug|Any CPU
		{F01710B4-39AF-44B2-BCFC-B20DD45F41EB}.Release|Any CPU.ActiveCfg = Release|Any CPU
		{F01710B4-39AF-44B2-BCFC-B20DD45F41EB}.Release|Any CPU.Build.0 = Release|Any CPU
		{2F731F1B-BF8D-4F70-95A6-DBE57B16753D}.Debug|Any CPU.ActiveCfg = Debug|Any CPU
		{2F731F1B-BF8D-4F70-95A6-DBE57B16753D}.Debug|Any CPU.Build.0 = Debug|Any CPU
		{2F731F1B-BF8D-4F70-95A6-DBE57B16753D}.Release|Any CPU.ActiveCfg = Release|Any CPU
		{2F731F1B-BF8D-4F70-95A6-DBE57B16753D}.Release|Any CPU.Build.0 = Release|Any CPU
		{55CB6D4F-749E-4E35-A35C-B8926838D4FE}.Debug|Any CPU.ActiveCfg = Debug|Any CPU
		{55CB6D4F-749E-4E35-A35C-B8926838D4FE}.Debug|Any CPU.Build.0 = Debug|Any CPU
		{55CB6D4F-749E-4E35-A35C-B8926838D4FE}.Release|Any CPU.ActiveCfg = Release|Any CPU
		{55CB6D4F-749E-4E35-A35C-B8926838D4FE}.Release|Any CPU.Build.0 = Release|Any CPU
		{24F017C9-5CCA-4FC9-8065-2CEA05A0447E}.Debug|Any CPU.ActiveCfg = Debug|Any CPU
		{24F017C9-5CCA-4FC9-8065-2CEA05A0447E}.Debug|Any CPU.Build.0 = Debug|Any CPU
		{24F017C9-5CCA-4FC9-8065-2CEA05A0447E}.Release|Any CPU.ActiveCfg = Release|Any CPU
		{24F017C9-5CCA-4FC9-8065-2CEA05A0447E}.Release|Any CPU.Build.0 = Release|Any CPU
		{7BA61F59-C06D-4728-B5B3-A8CE05BAA090}.Debug|Any CPU.ActiveCfg = Debug|Any CPU
		{7BA61F59-C06D-4728-B5B3-A8CE05BAA090}.Debug|Any CPU.Build.0 = Debug|Any CPU
		{7BA61F59-C06D-4728-B5B3-A8CE05BAA090}.Release|Any CPU.ActiveCfg = Release|Any CPU
		{7BA61F59-C06D-4728-B5B3-A8CE05BAA090}.Release|Any CPU.Build.0 = Release|Any CPU
		{49B4D3DF-AD9A-439D-A464-13BE86045384}.Debug|Any CPU.ActiveCfg = Debug|Any CPU
		{49B4D3DF-AD9A-439D-A464-13BE86045384}.Debug|Any CPU.Build.0 = Debug|Any CPU
		{49B4D3DF-AD9A-439D-A464-13BE86045384}.Release|Any CPU.ActiveCfg = Release|Any CPU
		{49B4D3DF-AD9A-439D-A464-13BE86045384}.Release|Any CPU.Build.0 = Release|Any CPU
		{ADC7C8BE-0BE0-4EF6-B429-0E217857A387}.Debug|Any CPU.ActiveCfg = Debug|Any CPU
		{ADC7C8BE-0BE0-4EF6-B429-0E217857A387}.Debug|Any CPU.Build.0 = Debug|Any CPU
		{ADC7C8BE-0BE0-4EF6-B429-0E217857A387}.Release|Any CPU.ActiveCfg = Release|Any CPU
		{ADC7C8BE-0BE0-4EF6-B429-0E217857A387}.Release|Any CPU.Build.0 = Release|Any CPU
	EndGlobalSection
	GlobalSection(SolutionProperties) = preSolution
		HideSolutionNode = FALSE
	EndGlobalSection
	GlobalSection(ExtensibilityGlobals) = postSolution
		SolutionGuid = {F73D42D9-0E72-4453-A87F-5F1409E896BD}
	EndGlobalSection
EndGlobal
