
Microsoft Visual Studio Solution File, Format Version 12.00
# Visual Studio Version 17
VisualStudioVersion = 17.12.35521.163
MinimumVisualStudioVersion = 10.0.40219.1
Project("{FAE04EC0-301F-11D3-BF4B-00C04F79EFBC}") = "Notio", "Notio\Notio.csproj", "{BC8F61CD-1DE5-4EF7-93E4-29ADCFD6FC3D}"
EndProject
Project("{FAE04EC0-301F-11D3-BF4B-00C04F79EFBC}") = "Notio.Common", "Notio.Common\Notio.Common.csproj", "{F01710B4-39AF-44B2-BCFC-B20DD45F41EB}"
EndProject
Project("{FAE04EC0-301F-11D3-BF4B-00C04F79EFBC}") = "Notio.Cryptography", "Notio.Cryptography\Notio.Cryptography.csproj", "{2F731F1B-BF8D-4F70-95A6-DBE57B16753D}"
EndProject
Project("{FAE04EC0-301F-11D3-BF4B-00C04F79EFBC}") = "Notio.Logging", "Notio.Logging\Notio.Logging.csproj", "{55CB6D4F-749E-4E35-A35C-B8926838D4FE}"
EndProject
Project("{FAE04EC0-301F-11D3-BF4B-00C04F79EFBC}") = "Notio.Network", "Notio.Network\Notio.Network.csproj", "{24F017C9-5CCA-4FC9-8065-2CEA05A0447E}"
EndProject
Project("{FAE04EC0-301F-11D3-BF4B-00C04F79EFBC}") = "Notio.Network.Package", "Notio.Network.Package\Notio.Network.Package.csproj", "{11498769-178D-4904-9DEF-9FC37B349797}"
EndProject
Project("{FAE04EC0-301F-11D3-BF4B-00C04F79EFBC}") = "Notio.Network.Web", "Notio.Network.Web\Notio.Network.Web.csproj", "{448B5748-EE69-4FB2-A0A5-F3C45E6AD4D2}"
EndProject
Project("{FAE04EC0-301F-11D3-BF4B-00C04F79EFBC}") = "Notio.Shared", "Notio.Shared\Notio.Shared.csproj", "{7BA61F59-C06D-4728-B5B3-A8CE05BAA090}"
EndProject
Project("{FAE04EC0-301F-11D3-BF4B-00C04F79EFBC}") = "Notio.Serialization", "Notio.Serialization\Notio.Serialization.csproj", "{54062EF6-B181-45DE-9125-903220BA1C81}"
EndProject
Project("{FAE04EC0-301F-11D3-BF4B-00C04F79EFBC}") = "Notio.Storage", "Notio.Storage\Notio.Storage.csproj", "{FF9582AC-4348-454D-B6BF-DF046F0A919B}"
EndProject
Project("{FAE04EC0-301F-11D3-BF4B-00C04F79EFBC}") = "Notio.Compression.LZ4", "Notio.Compression.LZ4\Notio.Compression.LZ4.csproj", "{6A3C9B7C-D9E1-B6C6-FA49-28945E1D133F}"
EndProject
Global
	GlobalSection(SolutionConfigurationPlatforms) = preSolution
		Debug|Any CPU = Debug|Any CPU
		Release|Any CPU = Release|Any CPU
	EndGlobalSection
	GlobalSection(ProjectConfigurationPlatforms) = postSolution
		{BC8F61CD-1DE5-4EF7-93E4-29ADCFD6FC3D}.Debug|Any CPU.ActiveCfg = Debug|Any CPU
		{BC8F61CD-1DE5-4EF7-93E4-29ADCFD6FC3D}.Debug|Any CPU.Build.0 = Debug|Any CPU
		{BC8F61CD-1DE5-4EF7-93E4-29ADCFD6FC3D}.Release|Any CPU.ActiveCfg = Release|Any CPU
		{BC8F61CD-1DE5-4EF7-93E4-29ADCFD6FC3D}.Release|Any CPU.Build.0 = Release|Any CPU
		{F01710B4-39AF-44B2-BCFC-B20DD45F41EB}.Debug|Any CPU.ActiveCfg = Debug|Any CPU
		{F01710B4-39AF-44B2-BCFC-B20DD45F41EB}.Debug|Any CPU.Build.0 = Debug|Any CPU
		{F01710B4-39AF-44B2-BCFC-B20DD45F41EB}.Release|Any CPU.ActiveCfg = Release|Any CPU
		{F01710B4-39AF-44B2-BCFC-B20DD45F41EB}.Release|Any CPU.Build.0 = Release|Any CPU
		{2F731F1B-BF8D-4F70-95A6-DBE57B16753D}.Debug|Any CPU.ActiveCfg = Debug|Any CPU
		{2F731F1B-BF8D-4F70-95A6-DBE57B16753D}.Debug|Any CPU.Build.0 = Debug|Any CPU
		{2F731F1B-BF8D-4F70-95A6-DBE57B16753D}.Release|Any CPU.ActiveCfg = Release|Any CPU
		{2F731F1B-BF8D-4F70-95A6-DBE57B16753D}.Release|Any CPU.Build.0 = Release|Any CPU
		{55CB6D4F-749E-4E35-A35C-B8926838D4FE}.Debug|Any CPU.ActiveCfg = Debug|Any CPU
		{55CB6D4F-749E-4E35-A35C-B8926838D4FE}.Debug|Any CPU.Build.0 = Debug|Any CPU
		{55CB6D4F-749E-4E35-A35C-B8926838D4FE}.Release|Any CPU.ActiveCfg = Release|Any CPU
		{55CB6D4F-749E-4E35-A35C-B8926838D4FE}.Release|Any CPU.Build.0 = Release|Any CPU
		{24F017C9-5CCA-4FC9-8065-2CEA05A0447E}.Debug|Any CPU.ActiveCfg = Debug|Any CPU
		{24F017C9-5CCA-4FC9-8065-2CEA05A0447E}.Debug|Any CPU.Build.0 = Debug|Any CPU
		{24F017C9-5CCA-4FC9-8065-2CEA05A0447E}.Release|Any CPU.ActiveCfg = Release|Any CPU
		{24F017C9-5CCA-4FC9-8065-2CEA05A0447E}.Release|Any CPU.Build.0 = Release|Any CPU
		{11498769-178D-4904-9DEF-9FC37B349797}.Debug|Any CPU.ActiveCfg = Debug|Any CPU
		{11498769-178D-4904-9DEF-9FC37B349797}.Debug|Any CPU.Build.0 = Debug|Any CPU
		{11498769-178D-4904-9DEF-9FC37B349797}.Release|Any CPU.ActiveCfg = Release|Any CPU
		{11498769-178D-4904-9DEF-9FC37B349797}.Release|Any CPU.Build.0 = Release|Any CPU
		{448B5748-EE69-4FB2-A0A5-F3C45E6AD4D2}.Debug|Any CPU.ActiveCfg = Debug|Any CPU
		{448B5748-EE69-4FB2-A0A5-F3C45E6AD4D2}.Debug|Any CPU.Build.0 = Debug|Any CPU
		{448B5748-EE69-4FB2-A0A5-F3C45E6AD4D2}.Release|Any CPU.ActiveCfg = Release|Any CPU
		{448B5748-EE69-4FB2-A0A5-F3C45E6AD4D2}.Release|Any CPU.Build.0 = Release|Any CPU
		{7BA61F59-C06D-4728-B5B3-A8CE05BAA090}.Debug|Any CPU.ActiveCfg = Debug|Any CPU
		{7BA61F59-C06D-4728-B5B3-A8CE05BAA090}.Debug|Any CPU.Build.0 = Debug|Any CPU
		{7BA61F59-C06D-4728-B5B3-A8CE05BAA090}.Release|Any CPU.ActiveCfg = Release|Any CPU
		{7BA61F59-C06D-4728-B5B3-A8CE05BAA090}.Release|Any CPU.Build.0 = Release|Any CPU
		{54062EF6-B181-45DE-9125-903220BA1C81}.Debug|Any CPU.ActiveCfg = Debug|Any CPU
		{54062EF6-B181-45DE-9125-903220BA1C81}.Debug|Any CPU.Build.0 = Debug|Any CPU
		{54062EF6-B181-45DE-9125-903220BA1C81}.Release|Any CPU.ActiveCfg = Release|Any CPU
		{54062EF6-B181-45DE-9125-903220BA1C81}.Release|Any CPU.Build.0 = Release|Any CPU
		{FF9582AC-4348-454D-B6BF-DF046F0A919B}.Debug|Any CPU.ActiveCfg = Debug|Any CPU
		{FF9582AC-4348-454D-B6BF-DF046F0A919B}.Debug|Any CPU.Build.0 = Debug|Any CPU
		{FF9582AC-4348-454D-B6BF-DF046F0A919B}.Release|Any CPU.ActiveCfg = Release|Any CPU
		{FF9582AC-4348-454D-B6BF-DF046F0A919B}.Release|Any CPU.Build.0 = Release|Any CPU
		{6A3C9B7C-D9E1-B6C6-FA49-28945E1D133F}.Debug|Any CPU.ActiveCfg = Debug|Any CPU
		{6A3C9B7C-D9E1-B6C6-FA49-28945E1D133F}.Debug|Any CPU.Build.0 = Debug|Any CPU
		{6A3C9B7C-D9E1-B6C6-FA49-28945E1D133F}.Release|Any CPU.ActiveCfg = Release|Any CPU
		{6A3C9B7C-D9E1-B6C6-FA49-28945E1D133F}.Release|Any CPU.Build.0 = Release|Any CPU
	EndGlobalSection
	GlobalSection(SolutionProperties) = preSolution
		HideSolutionNode = FALSE
	EndGlobalSection
	GlobalSection(ExtensibilityGlobals) = postSolution
		SolutionGuid = {F73D42D9-0E72-4453-A87F-5F1409E896BD}
	EndGlobalSection
EndGlobal
